
Microsoft Visual Studio Solution File, Format Version 12.00
# Visual Studio Version 17
VisualStudioVersion = 17.0.32014.148
MinimumVisualStudioVersion = 10.0.40219.1
Project("{FAE04EC0-301F-11D3-BF4B-00C04F79EFBC}") = "metods", "metods\metods.csproj", "{131A6CE2-0A6C-4B9F-9497-EB955234E701}"
EndProject
Global
	GlobalSection(SolutionConfigurationPlatforms) = preSolution
		Debug|Any CPU = Debug|Any CPU
		Release|Any CPU = Release|Any CPU
	EndGlobalSection
	GlobalSection(ProjectConfigurationPlatforms) = postSolution
		{131A6CE2-0A6C-4B9F-9497-EB955234E701}.Debug|Any CPU.ActiveCfg = Debug|Any CPU
		{131A6CE2-0A6C-4B9F-9497-EB955234E701}.Debug|Any CPU.Build.0 = Debug|Any CPU
		{131A6CE2-0A6C-4B9F-9497-EB955234E701}.Release|Any CPU.ActiveCfg = Release|Any CPU
		{131A6CE2-0A6C-4B9F-9497-EB955234E701}.Release|Any CPU.Build.0 = Release|Any CPU
	EndGlobalSection
	GlobalSection(SolutionProperties) = preSolution
		HideSolutionNode = FALSE
	EndGlobalSection
	GlobalSection(ExtensibilityGlobals) = postSolution
		SolutionGuid = {2705293F-881A-466E-9E6D-8682865B6F5E}
	EndGlobalSection
EndGlobal
